<Solution>
  <Folder Name="/config/">
    <File Path=".editorconfig"/>
    <File Path="Directory.Packages.props"/>
  </Folder>
  <Folder Name="/docs/">
    <File Path="CLAUDE.md"/>
  </Folder>
  <Folder Name="/docs/fundamental/">
    <File Path="docs\fundamental\api.md"/>
    <File Path="docs\fundamental\architecture.md"/>
    <File Path="docs\fundamental\patterns.md"/>
    <File Path="docs\fundamental\persistence.md"/>
    <File Path="docs\fundamental\refit.md"/>
    <File Path="docs\fundamental\testing.md"/>
  </Folder>
  <Folder Name="/docs/reference/">
    <File Path="docs\reference\endpoints.md"/>
  </Folder>
  <Folder Name="/src/">
    <Project Path="src/Peritus.AppHost/Peritus.AppHost.csproj"/>
  </Folder>
  <Folder Name="/src/apps/">
    <Project Path="src/apps/Peritus.Api/Peritus.Api.csproj"/>
  </Folder>
  <Folder Name="/src/common/">
    <Project Path="src/common/Peritus.AspNetCore/Peritus.AspNetCore.csproj"/>
    <Project Path="src/common/Peritus.OpenApi/Peritus.OpenApi.csproj"/>
    <Project Path="src/common/Peritus.Persistence/Peritus.Persistence.csproj"/>
    <Project Path="src/common/Peritus.Guard/Peritus.Guard.csproj"/>
    <Project Path="src/common/Peritus.Primitives/Peritus.Primitives.csproj"/>
    <Project Path="src/common/Peritus.Results/Peritus.Results.csproj"/>
    <Project Path="src/common/Peritus.Types/Peritus.Types.csproj"/>
    <Project Path="src/common/Peritus.Cache/Peritus.Cache.csproj"/>
    <Project Path="src/common/Peritus.Messaging/Peritus.Messaging.csproj"/>
    <Project Path="src/common/Peritus.ServiceDefaults/Peritus.ServiceDefaults.csproj"/>
  </Folder>
  <Folder Name="/src/contracts/">
    <Project Path="src/contracts/Peritus.ApiClients/Peritus.ApiClients.csproj"/>
    <Project Path="src/contracts/Peritus.ApiContracts.Identity/Peritus.ApiContracts.Identity.csproj"/>
  </Folder>
  <Folder Name="/src/messages/">
    <Project Path="src/messages/Peritus.Messages.Notification/Peritus.Messages.Notification.csproj"/>
  </Folder>
  <Folder Name="/src/migrators/">
    <Project Path="src/migrators/Peritus.Migrator/Peritus.Migrator.csproj"/>
  </Folder>
  <Folder Name="/src/modules/">
    <Project Path="src/modules/Peritus.Identity/Peritus.Identity.csproj"/>
    <Project Path="src/modules/Peritus.Notification/Peritus.Notification.csproj"/>
  </Folder>
  <Folder Name="/tests/"/>
  <Folder Name="/tests/api/">
    <Project Path="tests/api/Peritus.Api.IntegrationTests/Peritus.Api.IntegrationTests.csproj"/>
  </Folder>
  <Folder Name="/tests/common/">
    <Project Path="tests/common/Peritus.IntegrationTests/Peritus.IntegrationTests.csproj"/>
  </Folder>
  <Folder Name="/tests/modules/">
    <Project Path="tests/modules/Peritus.Identity.IntegrationTests/Peritus.Identity.IntegrationTests.csproj"/>
  </Folder>
</Solution>
